# THIS IS AN AUTOGENERATED FILE. DO NOT EDIT THIS FILE DIRECTLY.
# yarn lockfile v1


three@^0.166.1:
  version "0.166.1"
  resolved "https://registry.yarnpkg.com/three/-/three-0.166.1.tgz#322cfc48fff4e751cd47d61fd1558c387d098d7c"
  integrity sha512-LtuafkKHHzm61AQA1be2MAYIw1IjmhOUxhBa0prrLpEMWbV7ijvxCRHjSgHPGp2493wLBzwKV46tA9nivLEgKg==
